
Microsoft Visual Studio Solution File, Format Version 12.00
# Visual Studio 14
VisualStudioVersion = 14.0.25420.1
MinimumVisualStudioVersion = 10.0.40219.1
Project("{FAE04EC0-301F-11D3-BF4B-00C04F79EFBC}") = "Microsoft.Xbox.Services.UWP.CSharp", "Microsoft.Xbox.Services.UWP.CSharp\Microsoft.Xbox.Services.UWP.CSharp.csproj", "{CFB2CA8F-6611-4DCA-981C-4B7AFCCA19A8}"
EndProject
Project("{D954291E-2A0B-460D-934E-DC6B0785DB48}") = "Microsoft.Xbox.Services.Shared", "api\Microsoft.Xbox.Services.Shared.shproj", "{035E5E11-4A0B-4D1F-BA13-9B62CCAFB2B8}"
EndProject
Project("{FAE04EC0-301F-11D3-BF4B-00C04F79EFBC}") = "Microsoft.Xbox.Services.UnityEditor.CSharp", "Microsoft.Xbox.Services.UnityEditor.CSharp\Microsoft.Xbox.Services.UnityEditor.CSharp.csproj", "{B7130C4B-B36B-4449-80B0-60037FC2E0CD}"
EndProject
Project("{FAE04EC0-301F-11D3-BF4B-00C04F79EFBC}") = "Microsoft.Xbox.Services.Test.CSharp", "Microsoft.Xbox.Services.Test.CSharp\Microsoft.Xbox.Services.Test.CSharp.csproj", "{CBD81E44-F37F-47D6-B71B-A43A748AE09C}"
EndProject
Project("{FAE04EC0-301F-11D3-BF4B-00C04F79EFBC}") = "Microsoft.Xbox.Services.UnitTests", "Microsoft.Xbox.Services.UnitTests\Microsoft.Xbox.Services.UnitTests.csproj", "{6A9CEF50-6BEF-4B8A-8DA5-F1FD0C1BA666}"
EndProject
Project("{2150E333-8FDC-42A3-9474-1A3956D46DE8}") = "Test", "Test", "{DC303DBE-6A2E-4D3F-A2EB-E06BD2E39568}"
EndProject
Project("{FAE04EC0-301F-11D3-BF4B-00C04F79EFBC}") = "Microsoft.Xbox.Services.UWP.UnitTests", "Microsoft.Xbox.Services.UWP.UnitTests\Microsoft.Xbox.Services.UWP.UnitTests.csproj", "{4C1806D5-7279-4DFC-8874-13D66D52A31B}"
EndProject
Global
	GlobalSection(SharedMSBuildProjectFiles) = preSolution
		api\Microsoft.Xbox.Services.Shared.projitems*{035e5e11-4a0b-4d1f-ba13-9b62ccafb2b8}*SharedItemsImports = 13
		api\Microsoft.Xbox.Services.Shared.projitems*{b7130c4b-b36b-4449-80b0-60037fc2e0cd}*SharedItemsImports = 4
		api\Microsoft.Xbox.Services.Shared.projitems*{cbd81e44-f37f-47d6-b71b-a43a748ae09c}*SharedItemsImports = 4
	EndGlobalSection
	GlobalSection(SolutionConfigurationPlatforms) = preSolution
		Debug|ARM = Debug|ARM
		Debug|x64 = Debug|x64
		Debug|x86 = Debug|x86
		DebugNET35|ARM = DebugNET35|ARM
		DebugNET35|x64 = DebugNET35|x64
		DebugNET35|x86 = DebugNET35|x86
		Release|ARM = Release|ARM
		Release|x64 = Release|x64
		Release|x86 = Release|x86
		ReleaseNET35|ARM = ReleaseNET35|ARM
		ReleaseNET35|x64 = ReleaseNET35|x64
		ReleaseNET35|x86 = ReleaseNET35|x86
	EndGlobalSection
	GlobalSection(ProjectConfigurationPlatforms) = postSolution
		{CFB2CA8F-6611-4DCA-981C-4B7AFCCA19A8}.Debug|ARM.ActiveCfg = Debug|ARM
		{CFB2CA8F-6611-4DCA-981C-4B7AFCCA19A8}.Debug|ARM.Build.0 = Debug|ARM
		{CFB2CA8F-6611-4DCA-981C-4B7AFCCA19A8}.Debug|x64.ActiveCfg = Debug|x64
		{CFB2CA8F-6611-4DCA-981C-4B7AFCCA19A8}.Debug|x64.Build.0 = Debug|x64
		{CFB2CA8F-6611-4DCA-981C-4B7AFCCA19A8}.Debug|x86.ActiveCfg = Debug|x86
		{CFB2CA8F-6611-4DCA-981C-4B7AFCCA19A8}.Debug|x86.Build.0 = Debug|x86
		{CFB2CA8F-6611-4DCA-981C-4B7AFCCA19A8}.DebugNET35|ARM.ActiveCfg = Debug|ARM
		{CFB2CA8F-6611-4DCA-981C-4B7AFCCA19A8}.DebugNET35|ARM.Build.0 = Debug|ARM
		{CFB2CA8F-6611-4DCA-981C-4B7AFCCA19A8}.DebugNET35|x64.ActiveCfg = Debug|x64
		{CFB2CA8F-6611-4DCA-981C-4B7AFCCA19A8}.DebugNET35|x64.Build.0 = Debug|x64
		{CFB2CA8F-6611-4DCA-981C-4B7AFCCA19A8}.DebugNET35|x86.ActiveCfg = Debug|x86
		{CFB2CA8F-6611-4DCA-981C-4B7AFCCA19A8}.DebugNET35|x86.Build.0 = Debug|x86
		{CFB2CA8F-6611-4DCA-981C-4B7AFCCA19A8}.Release|ARM.ActiveCfg = Release|ARM
		{CFB2CA8F-6611-4DCA-981C-4B7AFCCA19A8}.Release|ARM.Build.0 = Release|ARM
		{CFB2CA8F-6611-4DCA-981C-4B7AFCCA19A8}.Release|x64.ActiveCfg = Release|x64
		{CFB2CA8F-6611-4DCA-981C-4B7AFCCA19A8}.Release|x64.Build.0 = Release|x64
		{CFB2CA8F-6611-4DCA-981C-4B7AFCCA19A8}.Release|x86.ActiveCfg = Release|x86
		{CFB2CA8F-6611-4DCA-981C-4B7AFCCA19A8}.Release|x86.Build.0 = Release|x86
		{CFB2CA8F-6611-4DCA-981C-4B7AFCCA19A8}.ReleaseNET35|ARM.ActiveCfg = Release|ARM
		{CFB2CA8F-6611-4DCA-981C-4B7AFCCA19A8}.ReleaseNET35|ARM.Build.0 = Release|ARM
		{CFB2CA8F-6611-4DCA-981C-4B7AFCCA19A8}.ReleaseNET35|x64.ActiveCfg = Release|x64
		{CFB2CA8F-6611-4DCA-981C-4B7AFCCA19A8}.ReleaseNET35|x64.Build.0 = Release|x64
		{CFB2CA8F-6611-4DCA-981C-4B7AFCCA19A8}.ReleaseNET35|x86.ActiveCfg = Release|x86
		{CFB2CA8F-6611-4DCA-981C-4B7AFCCA19A8}.ReleaseNET35|x86.Build.0 = Release|x86
		{B7130C4B-B36B-4449-80B0-60037FC2E0CD}.Debug|ARM.ActiveCfg = DebugNET46|Any CPU
		{B7130C4B-B36B-4449-80B0-60037FC2E0CD}.Debug|ARM.Build.0 = DebugNET46|Any CPU
		{B7130C4B-B36B-4449-80B0-60037FC2E0CD}.Debug|x64.ActiveCfg = DebugNET46|Any CPU
		{B7130C4B-B36B-4449-80B0-60037FC2E0CD}.Debug|x64.Build.0 = DebugNET46|Any CPU
		{B7130C4B-B36B-4449-80B0-60037FC2E0CD}.Debug|x86.ActiveCfg = DebugNET46|Any CPU
		{B7130C4B-B36B-4449-80B0-60037FC2E0CD}.Debug|x86.Build.0 = DebugNET46|Any CPU
		{B7130C4B-B36B-4449-80B0-60037FC2E0CD}.DebugNET35|ARM.ActiveCfg = DebugNET35|Any CPU
		{B7130C4B-B36B-4449-80B0-60037FC2E0CD}.DebugNET35|ARM.Build.0 = DebugNET35|Any CPU
		{B7130C4B-B36B-4449-80B0-60037FC2E0CD}.DebugNET35|x64.ActiveCfg = DebugNET35|Any CPU
		{B7130C4B-B36B-4449-80B0-60037FC2E0CD}.DebugNET35|x64.Build.0 = DebugNET35|Any CPU
		{B7130C4B-B36B-4449-80B0-60037FC2E0CD}.DebugNET35|x86.ActiveCfg = DebugNET35|Any CPU
		{B7130C4B-B36B-4449-80B0-60037FC2E0CD}.DebugNET35|x86.Build.0 = DebugNET35|Any CPU
		{B7130C4B-B36B-4449-80B0-60037FC2E0CD}.Release|ARM.ActiveCfg = ReleaseNET46|Any CPU
		{B7130C4B-B36B-4449-80B0-60037FC2E0CD}.Release|ARM.Build.0 = ReleaseNET46|Any CPU
		{B7130C4B-B36B-4449-80B0-60037FC2E0CD}.Release|x64.ActiveCfg = ReleaseNET46|Any CPU
		{B7130C4B-B36B-4449-80B0-60037FC2E0CD}.Release|x64.Build.0 = ReleaseNET46|Any CPU
		{B7130C4B-B36B-4449-80B0-60037FC2E0CD}.Release|x86.ActiveCfg = ReleaseNET46|Any CPU
		{B7130C4B-B36B-4449-80B0-60037FC2E0CD}.Release|x86.Build.0 = ReleaseNET46|Any CPU
		{B7130C4B-B36B-4449-80B0-60037FC2E0CD}.ReleaseNET35|ARM.ActiveCfg = ReleaseNET35|Any CPU
		{B7130C4B-B36B-4449-80B0-60037FC2E0CD}.ReleaseNET35|ARM.Build.0 = ReleaseNET35|Any CPU
		{B7130C4B-B36B-4449-80B0-60037FC2E0CD}.ReleaseNET35|x64.ActiveCfg = ReleaseNET35|Any CPU
		{B7130C4B-B36B-4449-80B0-60037FC2E0CD}.ReleaseNET35|x64.Build.0 = ReleaseNET35|Any CPU
		{B7130C4B-B36B-4449-80B0-60037FC2E0CD}.ReleaseNET35|x86.ActiveCfg = ReleaseNET35|Any CPU
		{B7130C4B-B36B-4449-80B0-60037FC2E0CD}.ReleaseNET35|x86.Build.0 = ReleaseNET35|Any CPU
		{CBD81E44-F37F-47D6-B71B-A43A748AE09C}.Debug|ARM.ActiveCfg = Debug|Any CPU
		{CBD81E44-F37F-47D6-B71B-A43A748AE09C}.Debug|ARM.Build.0 = Debug|Any CPU
		{CBD81E44-F37F-47D6-B71B-A43A748AE09C}.Debug|x64.ActiveCfg = Debug|Any CPU
		{CBD81E44-F37F-47D6-B71B-A43A748AE09C}.Debug|x64.Build.0 = Debug|Any CPU
		{CBD81E44-F37F-47D6-B71B-A43A748AE09C}.Debug|x86.ActiveCfg = Debug|Any CPU
		{CBD81E44-F37F-47D6-B71B-A43A748AE09C}.Debug|x86.Build.0 = Debug|Any CPU
		{CBD81E44-F37F-47D6-B71B-A43A748AE09C}.DebugNET35|ARM.ActiveCfg = Debug|Any CPU
		{CBD81E44-F37F-47D6-B71B-A43A748AE09C}.DebugNET35|ARM.Build.0 = Debug|Any CPU
		{CBD81E44-F37F-47D6-B71B-A43A748AE09C}.DebugNET35|x64.ActiveCfg = Debug|Any CPU
		{CBD81E44-F37F-47D6-B71B-A43A748AE09C}.DebugNET35|x64.Build.0 = Debug|Any CPU
		{CBD81E44-F37F-47D6-B71B-A43A748AE09C}.DebugNET35|x86.ActiveCfg = Debug|Any CPU
		{CBD81E44-F37F-47D6-B71B-A43A748AE09C}.DebugNET35|x86.Build.0 = Debug|Any CPU
		{CBD81E44-F37F-47D6-B71B-A43A748AE09C}.Release|ARM.ActiveCfg = Release|Any CPU
		{CBD81E44-F37F-47D6-B71B-A43A748AE09C}.Release|ARM.Build.0 = Release|Any CPU
		{CBD81E44-F37F-47D6-B71B-A43A748AE09C}.Release|x64.ActiveCfg = Release|Any CPU
		{CBD81E44-F37F-47D6-B71B-A43A748AE09C}.Release|x64.Build.0 = Release|Any CPU
		{CBD81E44-F37F-47D6-B71B-A43A748AE09C}.Release|x86.ActiveCfg = Release|Any CPU
		{CBD81E44-F37F-47D6-B71B-A43A748AE09C}.Release|x86.Build.0 = Release|Any CPU
		{CBD81E44-F37F-47D6-B71B-A43A748AE09C}.ReleaseNET35|ARM.ActiveCfg = Release|Any CPU
		{CBD81E44-F37F-47D6-B71B-A43A748AE09C}.ReleaseNET35|ARM.Build.0 = Release|Any CPU
		{CBD81E44-F37F-47D6-B71B-A43A748AE09C}.ReleaseNET35|x64.ActiveCfg = Release|Any CPU
		{CBD81E44-F37F-47D6-B71B-A43A748AE09C}.ReleaseNET35|x64.Build.0 = Release|Any CPU
		{CBD81E44-F37F-47D6-B71B-A43A748AE09C}.ReleaseNET35|x86.ActiveCfg = Release|Any CPU
		{CBD81E44-F37F-47D6-B71B-A43A748AE09C}.ReleaseNET35|x86.Build.0 = Release|Any CPU
		{6A9CEF50-6BEF-4B8A-8DA5-F1FD0C1BA666}.Debug|ARM.ActiveCfg = Debug|Any CPU
		{6A9CEF50-6BEF-4B8A-8DA5-F1FD0C1BA666}.Debug|ARM.Build.0 = Debug|Any CPU
		{6A9CEF50-6BEF-4B8A-8DA5-F1FD0C1BA666}.Debug|x64.ActiveCfg = Debug|Any CPU
		{6A9CEF50-6BEF-4B8A-8DA5-F1FD0C1BA666}.Debug|x64.Build.0 = Debug|Any CPU
		{6A9CEF50-6BEF-4B8A-8DA5-F1FD0C1BA666}.Debug|x86.ActiveCfg = Debug|Any CPU
		{6A9CEF50-6BEF-4B8A-8DA5-F1FD0C1BA666}.Debug|x86.Build.0 = Debug|Any CPU
		{6A9CEF50-6BEF-4B8A-8DA5-F1FD0C1BA666}.DebugNET35|ARM.ActiveCfg = Debug|Any CPU
		{6A9CEF50-6BEF-4B8A-8DA5-F1FD0C1BA666}.DebugNET35|ARM.Build.0 = Debug|Any CPU
		{6A9CEF50-6BEF-4B8A-8DA5-F1FD0C1BA666}.DebugNET35|x64.ActiveCfg = Debug|Any CPU
		{6A9CEF50-6BEF-4B8A-8DA5-F1FD0C1BA666}.DebugNET35|x64.Build.0 = Debug|Any CPU
		{6A9CEF50-6BEF-4B8A-8DA5-F1FD0C1BA666}.DebugNET35|x86.ActiveCfg = Debug|Any CPU
		{6A9CEF50-6BEF-4B8A-8DA5-F1FD0C1BA666}.DebugNET35|x86.Build.0 = Debug|Any CPU
		{6A9CEF50-6BEF-4B8A-8DA5-F1FD0C1BA666}.Release|ARM.ActiveCfg = Release|Any CPU
		{6A9CEF50-6BEF-4B8A-8DA5-F1FD0C1BA666}.Release|ARM.Build.0 = Release|Any CPU
		{6A9CEF50-6BEF-4B8A-8DA5-F1FD0C1BA666}.Release|x64.ActiveCfg = Release|Any CPU
		{6A9CEF50-6BEF-4B8A-8DA5-F1FD0C1BA666}.Release|x64.Build.0 = Release|Any CPU
		{6A9CEF50-6BEF-4B8A-8DA5-F1FD0C1BA666}.Release|x86.ActiveCfg = Release|Any CPU
		{6A9CEF50-6BEF-4B8A-8DA5-F1FD0C1BA666}.Release|x86.Build.0 = Release|Any CPU
		{6A9CEF50-6BEF-4B8A-8DA5-F1FD0C1BA666}.ReleaseNET35|ARM.ActiveCfg = Release|Any CPU
		{6A9CEF50-6BEF-4B8A-8DA5-F1FD0C1BA666}.ReleaseNET35|ARM.Build.0 = Release|Any CPU
		{6A9CEF50-6BEF-4B8A-8DA5-F1FD0C1BA666}.ReleaseNET35|x64.ActiveCfg = Release|Any CPU
		{6A9CEF50-6BEF-4B8A-8DA5-F1FD0C1BA666}.ReleaseNET35|x64.Build.0 = Release|Any CPU
		{6A9CEF50-6BEF-4B8A-8DA5-F1FD0C1BA666}.ReleaseNET35|x86.ActiveCfg = Release|Any CPU
		{6A9CEF50-6BEF-4B8A-8DA5-F1FD0C1BA666}.ReleaseNET35|x86.Build.0 = Release|Any CPU
		{4C1806D5-7279-4DFC-8874-13D66D52A31B}.Debug|ARM.ActiveCfg = Debug|ARM
		{4C1806D5-7279-4DFC-8874-13D66D52A31B}.Debug|ARM.Build.0 = Debug|ARM
		{4C1806D5-7279-4DFC-8874-13D66D52A31B}.Debug|ARM.Deploy.0 = Debug|ARM
		{4C1806D5-7279-4DFC-8874-13D66D52A31B}.Debug|x64.ActiveCfg = Debug|x64
		{4C1806D5-7279-4DFC-8874-13D66D52A31B}.Debug|x64.Build.0 = Debug|x64
		{4C1806D5-7279-4DFC-8874-13D66D52A31B}.Debug|x64.Deploy.0 = Debug|x64
		{4C1806D5-7279-4DFC-8874-13D66D52A31B}.Debug|x86.ActiveCfg = Debug|x86
		{4C1806D5-7279-4DFC-8874-13D66D52A31B}.Debug|x86.Build.0 = Debug|x86
		{4C1806D5-7279-4DFC-8874-13D66D52A31B}.Debug|x86.Deploy.0 = Debug|x86
		{4C1806D5-7279-4DFC-8874-13D66D52A31B}.DebugNET35|ARM.ActiveCfg = Debug|ARM
		{4C1806D5-7279-4DFC-8874-13D66D52A31B}.DebugNET35|ARM.Build.0 = Debug|ARM
		{4C1806D5-7279-4DFC-8874-13D66D52A31B}.DebugNET35|ARM.Deploy.0 = Debug|ARM
		{4C1806D5-7279-4DFC-8874-13D66D52A31B}.DebugNET35|x64.ActiveCfg = Debug|x64
		{4C1806D5-7279-4DFC-8874-13D66D52A31B}.DebugNET35|x64.Build.0 = Debug|x64
		{4C1806D5-7279-4DFC-8874-13D66D52A31B}.DebugNET35|x64.Deploy.0 = Debug|x64
		{4C1806D5-7279-4DFC-8874-13D66D52A31B}.DebugNET35|x86.ActiveCfg = Debug|x86
		{4C1806D5-7279-4DFC-8874-13D66D52A31B}.DebugNET35|x86.Build.0 = Debug|x86
		{4C1806D5-7279-4DFC-8874-13D66D52A31B}.DebugNET35|x86.Deploy.0 = Debug|x86
		{4C1806D5-7279-4DFC-8874-13D66D52A31B}.Release|ARM.ActiveCfg = Release|ARM
		{4C1806D5-7279-4DFC-8874-13D66D52A31B}.Release|ARM.Build.0 = Release|ARM
		{4C1806D5-7279-4DFC-8874-13D66D52A31B}.Release|ARM.Deploy.0 = Release|ARM
		{4C1806D5-7279-4DFC-8874-13D66D52A31B}.Release|x64.ActiveCfg = Release|x64
		{4C1806D5-7279-4DFC-8874-13D66D52A31B}.Release|x86.ActiveCfg = Release|x86
		{4C1806D5-7279-4DFC-8874-13D66D52A31B}.ReleaseNET35|ARM.ActiveCfg = Release|ARM
		{4C1806D5-7279-4DFC-8874-13D66D52A31B}.ReleaseNET35|x64.ActiveCfg = Release|x64
		{4C1806D5-7279-4DFC-8874-13D66D52A31B}.ReleaseNET35|x86.ActiveCfg = Release|x86
	EndGlobalSection
	GlobalSection(SolutionProperties) = preSolution
		HideSolutionNode = FALSE
	EndGlobalSection
	GlobalSection(NestedProjects) = preSolution
		{CBD81E44-F37F-47D6-B71B-A43A748AE09C} = {DC303DBE-6A2E-4D3F-A2EB-E06BD2E39568}
		{6A9CEF50-6BEF-4B8A-8DA5-F1FD0C1BA666} = {DC303DBE-6A2E-4D3F-A2EB-E06BD2E39568}
		{4C1806D5-7279-4DFC-8874-13D66D52A31B} = {DC303DBE-6A2E-4D3F-A2EB-E06BD2E39568}
	EndGlobalSection
EndGlobal
